
Microsoft Visual Studio Solution File, Format Version 11.00
# Visual Studio 2010
Project("{FAE04EC0-301F-11D3-BF4B-00C04F79EFBC}") = "Explorer", "Explorer\Explorer.csproj", "{7CA389E0-DEEE-43A2-99A3-047BCA7747CD}"
EndProject
Project("{FAE04EC0-301F-11D3-BF4B-00C04F79EFBC}") = "Win32Interop", "Win32Interop\Win32Interop.csproj", "{CFC78B33-F276-4625-8631-62C0365EFFCF}"
EndProject
Project("{FAE04EC0-301F-11D3-BF4B-00C04F79EFBC}") = "WindowDiagnostics", "WindowDiagnostics\WindowDiagnostics.csproj", "{08CF6899-D6BA-44B9-967F-774699D917B2}"
EndProject
Global
	GlobalSection(SolutionConfigurationPlatforms) = preSolution
		Debug|Any CPU = Debug|Any CPU
		Debug|Mixed Platforms = Debug|Mixed Platforms
		Debug|x86 = Debug|x86
		Release|Any CPU = Release|Any CPU
		Release|Mixed Platforms = Release|Mixed Platforms
		Release|x86 = Release|x86
	EndGlobalSection
	GlobalSection(ProjectConfigurationPlatforms) = postSolution
		{7CA389E0-DEEE-43A2-99A3-047BCA7747CD}.Debug|Any CPU.ActiveCfg = Debug|x86
		{7CA389E0-DEEE-43A2-99A3-047BCA7747CD}.Debug|Mixed Platforms.ActiveCfg = Debug|x86
		{7CA389E0-DEEE-43A2-99A3-047BCA7747CD}.Debug|Mixed Platforms.Build.0 = Debug|x86
		{7CA389E0-DEEE-43A2-99A3-047BCA7747CD}.Debug|x86.ActiveCfg = Debug|x86
		{7CA389E0-DEEE-43A2-99A3-047BCA7747CD}.Debug|x86.Build.0 = Debug|x86
		{7CA389E0-DEEE-43A2-99A3-047BCA7747CD}.Release|Any CPU.ActiveCfg = Release|x86
		{7CA389E0-DEEE-43A2-99A3-047BCA7747CD}.Release|Mixed Platforms.ActiveCfg = Release|x86
		{7CA389E0-DEEE-43A2-99A3-047BCA7747CD}.Release|Mixed Platforms.Build.0 = Release|x86
		{7CA389E0-DEEE-43A2-99A3-047BCA7747CD}.Release|x86.ActiveCfg = Release|x86
		{7CA389E0-DEEE-43A2-99A3-047BCA7747CD}.Release|x86.Build.0 = Release|x86
		{CFC78B33-F276-4625-8631-62C0365EFFCF}.Debug|Any CPU.ActiveCfg = Debug|Any CPU
		{CFC78B33-F276-4625-8631-62C0365EFFCF}.Debug|Any CPU.Build.0 = Debug|Any CPU
		{CFC78B33-F276-4625-8631-62C0365EFFCF}.Debug|Mixed Platforms.ActiveCfg = Debug|Any CPU
		{CFC78B33-F276-4625-8631-62C0365EFFCF}.Debug|Mixed Platforms.Build.0 = Debug|Any CPU
		{CFC78B33-F276-4625-8631-62C0365EFFCF}.Debug|x86.ActiveCfg = Debug|Any CPU
		{CFC78B33-F276-4625-8631-62C0365EFFCF}.Release|Any CPU.ActiveCfg = Release|Any CPU
		{CFC78B33-F276-4625-8631-62C0365EFFCF}.Release|Any CPU.Build.0 = Release|Any CPU
		{CFC78B33-F276-4625-8631-62C0365EFFCF}.Release|Mixed Platforms.ActiveCfg = Release|Any CPU
		{CFC78B33-F276-4625-8631-62C0365EFFCF}.Release|Mixed Platforms.Build.0 = Release|Any CPU
		{CFC78B33-F276-4625-8631-62C0365EFFCF}.Release|x86.ActiveCfg = Release|Any CPU
		{08CF6899-D6BA-44B9-967F-774699D917B2}.Debug|Any CPU.ActiveCfg = Debug|Any CPU
		{08CF6899-D6BA-44B9-967F-774699D917B2}.Debug|Any CPU.Build.0 = Debug|Any CPU
		{08CF6899-D6BA-44B9-967F-774699D917B2}.Debug|Mixed Platforms.ActiveCfg = Debug|Any CPU
		{08CF6899-D6BA-44B9-967F-774699D917B2}.Debug|Mixed Platforms.Build.0 = Debug|Any CPU
		{08CF6899-D6BA-44B9-967F-774699D917B2}.Debug|x86.ActiveCfg = Debug|Any CPU
		{08CF6899-D6BA-44B9-967F-774699D917B2}.Release|Any CPU.ActiveCfg = Release|Any CPU
		{08CF6899-D6BA-44B9-967F-774699D917B2}.Release|Any CPU.Build.0 = Release|Any CPU
		{08CF6899-D6BA-44B9-967F-774699D917B2}.Release|Mixed Platforms.ActiveCfg = Release|Any CPU
		{08CF6899-D6BA-44B9-967F-774699D917B2}.Release|Mixed Platforms.Build.0 = Release|Any CPU
		{08CF6899-D6BA-44B9-967F-774699D917B2}.Release|x86.ActiveCfg = Release|Any CPU
	EndGlobalSection
	GlobalSection(SolutionProperties) = preSolution
		HideSolutionNode = FALSE
	EndGlobalSection
EndGlobal
